// !$*UTF8*$!
{
	archiveVersion = 1;
	classes = {
	};
	objectVersion = 56;
	objects = {

/* Begin PBXBuildFile section */
		9114693C2CD275F30023C212 /* HumanDetectionController.swift in Sources */ = {isa = PBXBuildFile; fileRef = 9114693B2CD275F30023C212 /* HumanDetectionController.swift */; };
		9114693E2CD3BC4B0023C212 /* HumanController.swift in Sources */ = {isa = PBXBuildFile; fileRef = 9114693D2CD3BC470023C212 /* HumanController.swift */; };
		911712222CC566B000336A51 /* DynamicReferenceController.swift in Sources */ = {isa = PBXBuildFile; fileRef = 911712212CC566B000336A51 /* DynamicReferenceController.swift */; };
		91183B872CD933FF0024924E /* AR assets.scnassets in Resources */ = {isa = PBXBuildFile; fileRef = 91183B862CD933FF0024924E /* AR assets.scnassets */; };
		911B49692CE0153F00D6CB08 /* loading_circle.mp4 in Resources */ = {isa = PBXBuildFile; fileRef = 911B49682CE0153F00D6CB08 /* loading_circle.mp4 */; };
		911E6C9E2CCE564900A3ECEA /* PerformantClothingSegmentationController.swift in Sources */ = {isa = PBXBuildFile; fileRef = 911E6C9D2CCE55CA00A3ECEA /* PerformantClothingSegmentationController.swift */; };
		911E6CA12CCEAE4D00A3ECEA /* PasswordDetectionController.swift in Sources */ = {isa = PBXBuildFile; fileRef = 911E6CA02CCEAE4D00A3ECEA /* PasswordDetectionController.swift */; };
		911EC42E2C9606BB009EDF2B /* AppDelegate.swift in Sources */ = {isa = PBXBuildFile; fileRef = 911EC42D2C9606BB009EDF2B /* AppDelegate.swift */; };
		911EC4302C9606BB009EDF2B /* ContentView.swift in Sources */ = {isa = PBXBuildFile; fileRef = 911EC42F2C9606BB009EDF2B /* ContentView.swift */; };
		911EC43F2C9606BC009EDF2B /* ARExperimentTests.swift in Sources */ = {isa = PBXBuildFile; fileRef = 911EC43E2C9606BC009EDF2B /* ARExperimentTests.swift */; };
		911EC4492C9606BC009EDF2B /* ARExperimentUITests.swift in Sources */ = {isa = PBXBuildFile; fileRef = 911EC4482C9606BC009EDF2B /* ARExperimentUITests.swift */; };
		911EC44B2C9606BC009EDF2B /* ARExperimentUITestsLaunchTests.swift in Sources */ = {isa = PBXBuildFile; fileRef = 911EC44A2C9606BC009EDF2B /* ARExperimentUITestsLaunchTests.swift */; };
		912B2FA02CD00C2A001437F9 /* pinguin.usdz in Resources */ = {isa = PBXBuildFile; fileRef = 912B2F9F2CD00C2A001437F9 /* pinguin.usdz */; };
		913039082CA630CA00835C35 /* TabView.swift in Sources */ = {isa = PBXBuildFile; fileRef = 913039072CA630CA00835C35 /* TabView.swift */; };
		9130390A2CA635AE00835C35 /* BottomSheetHelper.swift in Sources */ = {isa = PBXBuildFile; fileRef = 913039092CA635AE00835C35 /* BottomSheetHelper.swift */; };
		913355CC2CCB898D00462BAF /* movie.2.mov in Resources */ = {isa = PBXBuildFile; fileRef = 913355C82CCB898D00462BAF /* movie.2.mov */; };
		915EE42F2CAEC7AA0083340D /* Markers.xcassets in Resources */ = {isa = PBXBuildFile; fileRef = 915EE42E2CAEC7AA0083340D /* Markers.xcassets */; };
		916785A32CE12CCB00CA85E3 /* ImagePicker.swift in Sources */ = {isa = PBXBuildFile; fileRef = 916785A22CE12CCB00CA85E3 /* ImagePicker.swift */; };
		916785A52CE12D1600CA85E3 /* TakingImagesScreen.swift in Sources */ = {isa = PBXBuildFile; fileRef = 916785A42CE12D0600CA85E3 /* TakingImagesScreen.swift */; };
		916785AD2CE2398700CA85E3 /* GenericControllerConverter.swift in Sources */ = {isa = PBXBuildFile; fileRef = 916785AC2CE2398700CA85E3 /* GenericControllerConverter.swift */; };
		916785B02CE23D5900CA85E3 /* TestingController.swift in Sources */ = {isa = PBXBuildFile; fileRef = 916785AF2CE23D5500CA85E3 /* TestingController.swift */; };
		916785B22CE23E2C00CA85E3 /* StatusViewController.swift in Sources */ = {isa = PBXBuildFile; fileRef = 916785B12CE23E2800CA85E3 /* StatusViewController.swift */; };
		918788D62CADA40A00F67C6C /* TappingGestureController.swift in Sources */ = {isa = PBXBuildFile; fileRef = 918788D52CADA40A00F67C6C /* TappingGestureController.swift */; };
		918788D82CADA72700F67C6C /* ARViewContainerConverter.swift in Sources */ = {isa = PBXBuildFile; fileRef = 918788D72CADA72700F67C6C /* ARViewContainerConverter.swift */; };
		918788DC2CADAE5400F67C6C /* SheetContentView.swift in Sources */ = {isa = PBXBuildFile; fileRef = 918788DB2CADAE5400F67C6C /* SheetContentView.swift */; };
		918788DE2CADBD1B00F67C6C /* TabBarView.swift in Sources */ = {isa = PBXBuildFile; fileRef = 918788DD2CADBD1B00F67C6C /* TabBarView.swift */; };
		918788E02CADC46000F67C6C /* BasicReferenceController.swift in Sources */ = {isa = PBXBuildFile; fileRef = 918788DF2CADC46000F67C6C /* BasicReferenceController.swift */; };
		918A52142CAEB9BD008827C7 /* Cosmonaut_Suit.reality in Resources */ = {isa = PBXBuildFile; fileRef = 91E3FADD2CA6D09B005AA618 /* Cosmonaut_Suit.reality */; };
		91A212E72CBF19BA0062119D /* clothSegmentation.mlmodel in Sources */ = {isa = PBXBuildFile; fileRef = 91A212E62CBF19BA0062119D /* clothSegmentation.mlmodel */; };
		91E3FAB22CA6A4C0005AA618 /* MarketPlaceView.swift in Sources */ = {isa = PBXBuildFile; fileRef = 91E3FAB12CA6A4C0005AA618 /* MarketPlaceView.swift */; };
		91E46A2C2CB91FBD00A906FA /* ClothingSegmentationController.swift in Sources */ = {isa = PBXBuildFile; fileRef = 91E46A2B2CB91FBD00A906FA /* ClothingSegmentationController.swift */; };
		91EB60422CA610A9004D4770 /* SettingsView.swift in Sources */ = {isa = PBXBuildFile; fileRef = 91EB60412CA610A9004D4770 /* SettingsView.swift */; };
		91EB60452CA610C3004D4770 /* ProfileView.swift in Sources */ = {isa = PBXBuildFile; fileRef = 91EB60442CA610C3004D4770 /* ProfileView.swift */; };
		91EB60472CA610D1004D4770 /* DesignsView.swift in Sources */ = {isa = PBXBuildFile; fileRef = 91EB60462CA610D1004D4770 /* DesignsView.swift */; };
/* End PBXBuildFile section */

/* Begin PBXContainerItemProxy section */
		911EC43B2C9606BC009EDF2B /* PBXContainerItemProxy */ = {
			isa = PBXContainerItemProxy;
			containerPortal = 911EC4222C9606BB009EDF2B /* Project object */;
			proxyType = 1;
			remoteGlobalIDString = 911EC4292C9606BB009EDF2B;
			remoteInfo = ARExperiment;
		};
		911EC4452C9606BC009EDF2B /* PBXContainerItemProxy */ = {
			isa = PBXContainerItemProxy;
			containerPortal = 911EC4222C9606BB009EDF2B /* Project object */;
			proxyType = 1;
			remoteGlobalIDString = 911EC4292C9606BB009EDF2B;
			remoteInfo = ARExperiment;
		};
/* End PBXContainerItemProxy section */

/* Begin PBXFileReference section */
		9114693B2CD275F30023C212 /* HumanDetectionController.swift */ = {isa = PBXFileReference; lastKnownFileType = sourcecode.swift; path = HumanDetectionController.swift; sourceTree = "<group>"; };
		9114693D2CD3BC470023C212 /* HumanController.swift */ = {isa = PBXFileReference; lastKnownFileType = sourcecode.swift; path = HumanController.swift; sourceTree = "<group>"; };
		911712212CC566B000336A51 /* DynamicReferenceController.swift */ = {isa = PBXFileReference; lastKnownFileType = sourcecode.swift; path = DynamicReferenceController.swift; sourceTree = "<group>"; };
		91183B862CD933FF0024924E /* AR assets.scnassets */ = {isa = PBXFileReference; lastKnownFileType = wrapper.scnassets; path = "AR assets.scnassets"; sourceTree = "<group>"; };
		911B49682CE0153F00D6CB08 /* loading_circle.mp4 */ = {isa = PBXFileReference; lastKnownFileType = file; path = loading_circle.mp4; sourceTree = "<group>"; };
		911E6C9D2CCE55CA00A3ECEA /* PerformantClothingSegmentationController.swift */ = {isa = PBXFileReference; lastKnownFileType = sourcecode.swift; path = PerformantClothingSegmentationController.swift; sourceTree = "<group>"; };
		911E6CA02CCEAE4D00A3ECEA /* PasswordDetectionController.swift */ = {isa = PBXFileReference; lastKnownFileType = sourcecode.swift; path = PasswordDetectionController.swift; sourceTree = "<group>"; };
		911EC42A2C9606BB009EDF2B /* ARExperiment.app */ = {isa = PBXFileReference; explicitFileType = wrapper.application; includeInIndex = 0; path = ARExperiment.app; sourceTree = BUILT_PRODUCTS_DIR; };
		911EC42D2C9606BB009EDF2B /* AppDelegate.swift */ = {isa = PBXFileReference; lastKnownFileType = sourcecode.swift; path = AppDelegate.swift; sourceTree = "<group>"; };
		911EC42F2C9606BB009EDF2B /* ContentView.swift */ = {isa = PBXFileReference; lastKnownFileType = sourcecode.swift; path = ContentView.swift; sourceTree = "<group>"; };
		911EC43A2C9606BC009EDF2B /* ARExperimentTests.xctest */ = {isa = PBXFileReference; explicitFileType = wrapper.cfbundle; includeInIndex = 0; path = ARExperimentTests.xctest; sourceTree = BUILT_PRODUCTS_DIR; };
		911EC43E2C9606BC009EDF2B /* ARExperimentTests.swift */ = {isa = PBXFileReference; lastKnownFileType = sourcecode.swift; path = ARExperimentTests.swift; sourceTree = "<group>"; };
		911EC4442C9606BC009EDF2B /* ARExperimentUITests.xctest */ = {isa = PBXFileReference; explicitFileType = wrapper.cfbundle; includeInIndex = 0; path = ARExperimentUITests.xctest; sourceTree = BUILT_PRODUCTS_DIR; };
		911EC4482C9606BC009EDF2B /* ARExperimentUITests.swift */ = {isa = PBXFileReference; lastKnownFileType = sourcecode.swift; path = ARExperimentUITests.swift; sourceTree = "<group>"; };
		911EC44A2C9606BC009EDF2B /* ARExperimentUITestsLaunchTests.swift */ = {isa = PBXFileReference; lastKnownFileType = sourcecode.swift; path = ARExperimentUITestsLaunchTests.swift; sourceTree = "<group>"; };
		912B2F9F2CD00C2A001437F9 /* pinguin.usdz */ = {isa = PBXFileReference; lastKnownFileType = file; path = pinguin.usdz; sourceTree = "<group>"; };
		913039072CA630CA00835C35 /* TabView.swift */ = {isa = PBXFileReference; lastKnownFileType = sourcecode.swift; path = TabView.swift; sourceTree = "<group>"; };
		913039092CA635AE00835C35 /* BottomSheetHelper.swift */ = {isa = PBXFileReference; lastKnownFileType = sourcecode.swift; path = BottomSheetHelper.swift; sourceTree = "<group>"; };
		913355C82CCB898D00462BAF /* movie.2.mov */ = {isa = PBXFileReference; lastKnownFileType = video.quicktime; path = movie.2.mov; sourceTree = "<group>"; };
		915EE42E2CAEC7AA0083340D /* Markers.xcassets */ = {isa = PBXFileReference; lastKnownFileType = folder.assetcatalog; path = Markers.xcassets; sourceTree = "<group>"; };
		916785A22CE12CCB00CA85E3 /* ImagePicker.swift */ = {isa = PBXFileReference; lastKnownFileType = sourcecode.swift; path = ImagePicker.swift; sourceTree = "<group>"; };
		916785A42CE12D0600CA85E3 /* TakingImagesScreen.swift */ = {isa = PBXFileReference; lastKnownFileType = sourcecode.swift; path = TakingImagesScreen.swift; sourceTree = "<group>"; };
		916785AC2CE2398700CA85E3 /* GenericControllerConverter.swift */ = {isa = PBXFileReference; lastKnownFileType = sourcecode.swift; path = GenericControllerConverter.swift; sourceTree = "<group>"; };
		916785AF2CE23D5500CA85E3 /* TestingController.swift */ = {isa = PBXFileReference; lastKnownFileType = sourcecode.swift; path = TestingController.swift; sourceTree = "<group>"; };
		916785B12CE23E2800CA85E3 /* StatusViewController.swift */ = {isa = PBXFileReference; lastKnownFileType = sourcecode.swift; path = StatusViewController.swift; sourceTree = "<group>"; };
		918788D52CADA40A00F67C6C /* TappingGestureController.swift */ = {isa = PBXFileReference; lastKnownFileType = sourcecode.swift; path = TappingGestureController.swift; sourceTree = "<group>"; };
		918788D72CADA72700F67C6C /* ARViewContainerConverter.swift */ = {isa = PBXFileReference; lastKnownFileType = sourcecode.swift; path = ARViewContainerConverter.swift; sourceTree = "<group>"; };
		918788DB2CADAE5400F67C6C /* SheetContentView.swift */ = {isa = PBXFileReference; lastKnownFileType = sourcecode.swift; path = SheetContentView.swift; sourceTree = "<group>"; };
		918788DD2CADBD1B00F67C6C /* TabBarView.swift */ = {isa = PBXFileReference; lastKnownFileType = sourcecode.swift; path = TabBarView.swift; sourceTree = "<group>"; };
		918788DF2CADC46000F67C6C /* BasicReferenceController.swift */ = {isa = PBXFileReference; lastKnownFileType = sourcecode.swift; path = BasicReferenceController.swift; sourceTree = "<group>"; };
		91A212E62CBF19BA0062119D /* clothSegmentation.mlmodel */ = {isa = PBXFileReference; lastKnownFileType = file.mlmodel; name = clothSegmentation.mlmodel; path = ../../../models/clothSegmentation.mlmodel; sourceTree = "<group>"; };
		91E3FAB12CA6A4C0005AA618 /* MarketPlaceView.swift */ = {isa = PBXFileReference; lastKnownFileType = sourcecode.swift; path = MarketPlaceView.swift; sourceTree = "<group>"; };
		91E3FADD2CA6D09B005AA618 /* Cosmonaut_Suit.reality */ = {isa = PBXFileReference; lastKnownFileType = file; path = Cosmonaut_Suit.reality; sourceTree = "<group>"; };
		91E46A2B2CB91FBD00A906FA /* ClothingSegmentationController.swift */ = {isa = PBXFileReference; lastKnownFileType = sourcecode.swift; path = ClothingSegmentationController.swift; sourceTree = "<group>"; };
		91EB60412CA610A9004D4770 /* SettingsView.swift */ = {isa = PBXFileReference; lastKnownFileType = sourcecode.swift; path = SettingsView.swift; sourceTree = "<group>"; };
		91EB60442CA610C3004D4770 /* ProfileView.swift */ = {isa = PBXFileReference; lastKnownFileType = sourcecode.swift; path = ProfileView.swift; sourceTree = "<group>"; };
		91EB60462CA610D1004D4770 /* DesignsView.swift */ = {isa = PBXFileReference; lastKnownFileType = sourcecode.swift; path = DesignsView.swift; sourceTree = "<group>"; };
/* End PBXFileReference section */

/* Begin PBXFrameworksBuildPhase section */
		911EC4272C9606BB009EDF2B /* Frameworks */ = {
			isa = PBXFrameworksBuildPhase;
			buildActionMask = 2147483647;
			files = (
			);
			runOnlyForDeploymentPostprocessing = 0;
		};
		911EC4372C9606BC009EDF2B /* Frameworks */ = {
			isa = PBXFrameworksBuildPhase;
			buildActionMask = 2147483647;
			files = (
			);
			runOnlyForDeploymentPostprocessing = 0;
		};
		911EC4412C9606BC009EDF2B /* Frameworks */ = {
			isa = PBXFrameworksBuildPhase;
			buildActionMask = 2147483647;
			files = (
			);
			runOnlyForDeploymentPostprocessing = 0;
		};
/* End PBXFrameworksBuildPhase section */

/* Begin PBXGroup section */
		911EC4212C9606BB009EDF2B = {
			isa = PBXGroup;
			children = (
				911EC42C2C9606BB009EDF2B /* ARExperiment */,
				911EC4472C9606BC009EDF2B /* ARExperimentUITests */,
				911EC43D2C9606BC009EDF2B /* ARExperimentTests */,
				911EC42B2C9606BB009EDF2B /* Products */,
			);
			sourceTree = "<group>";
		};
		911EC42B2C9606BB009EDF2B /* Products */ = {
			isa = PBXGroup;
			children = (
				911EC42A2C9606BB009EDF2B /* ARExperiment.app */,
				911EC43A2C9606BC009EDF2B /* ARExperimentTests.xctest */,
				911EC4442C9606BC009EDF2B /* ARExperimentUITests.xctest */,
			);
			name = Products;
			sourceTree = "<group>";
		};
		911EC42C2C9606BB009EDF2B /* ARExperiment */ = {
			isa = PBXGroup;
			children = (
				916785AE2CE23A3100CA85E3 /* models */,
				916785AB2CE236DB00CA85E3 /* ImageSelection */,
				915EE42E2CAEC7AA0083340D /* Markers.xcassets */,
				91183B862CD933FF0024924E /* AR assets.scnassets */,
				918788D42CAD9F4C00F67C6C /* ARControllers */,
				918788D32CAD9EA100F67C6C /* AR assets */,
				91E3FAB82CA6ACC1005AA618 /* MainMenuHelpers */,
				91EB60402CA61092004D4770 /* MenuScreen */,
				911EC42D2C9606BB009EDF2B /* AppDelegate.swift */,
				911EC42F2C9606BB009EDF2B /* ContentView.swift */,
				913355CA2CCB898D00462BAF /* Videos */,
				911B49682CE0153F00D6CB08 /* loading_circle.mp4 */,
			);
			path = ARExperiment;
			sourceTree = "<group>";
		};
		911EC43D2C9606BC009EDF2B /* ARExperimentTests */ = {
			isa = PBXGroup;
			children = (
				911EC43E2C9606BC009EDF2B /* ARExperimentTests.swift */,
			);
			path = ARExperimentTests;
			sourceTree = "<group>";
		};
		911EC4472C9606BC009EDF2B /* ARExperimentUITests */ = {
			isa = PBXGroup;
			children = (
				911EC4482C9606BC009EDF2B /* ARExperimentUITests.swift */,
				911EC44A2C9606BC009EDF2B /* ARExperimentUITestsLaunchTests.swift */,
			);
			path = ARExperimentUITests;
			sourceTree = "<group>";
		};
		913355CA2CCB898D00462BAF /* Videos */ = {
			isa = PBXGroup;
			children = (
				913355C82CCB898D00462BAF /* movie.2.mov */,
			);
			path = Videos;
			sourceTree = "<group>";
		};
		916785AA2CE233F300CA85E3 /* Converter */ = {
			isa = PBXGroup;
			children = (
				918788D72CADA72700F67C6C /* ARViewContainerConverter.swift */,
				916785AC2CE2398700CA85E3 /* GenericControllerConverter.swift */,
			);
			path = Converter;
			sourceTree = "<group>";
		};
		916785AB2CE236DB00CA85E3 /* ImageSelection */ = {
			isa = PBXGroup;
			children = (
				916785A22CE12CCB00CA85E3 /* ImagePicker.swift */,
				916785A42CE12D0600CA85E3 /* TakingImagesScreen.swift */,
			);
			path = ImageSelection;
			sourceTree = "<group>";
		};
		916785AE2CE23A3100CA85E3 /* models */ = {
			isa = PBXGroup;
			children = (
				91A212E62CBF19BA0062119D /* clothSegmentation.mlmodel */,
			);
			path = models;
			sourceTree = "<group>";
		};
		918788D32CAD9EA100F67C6C /* AR assets */ = {
			isa = PBXGroup;
			children = (
				91E3FADD2CA6D09B005AA618 /* Cosmonaut_Suit.reality */,
				912B2F9F2CD00C2A001437F9 /* pinguin.usdz */,
			);
			path = "AR assets";
			sourceTree = "<group>";
		};
		918788D42CAD9F4C00F67C6C /* ARControllers */ = {
			isa = PBXGroup;
			children = (
				916785B12CE23E2800CA85E3 /* StatusViewController.swift */,
				916785AF2CE23D5500CA85E3 /* TestingController.swift */,
				916785AA2CE233F300CA85E3 /* Converter */,
				9114693D2CD3BC470023C212 /* HumanController.swift */,
				911E6CA02CCEAE4D00A3ECEA /* PasswordDetectionController.swift */,
				911E6C9D2CCE55CA00A3ECEA /* PerformantClothingSegmentationController.swift */,
				918788D52CADA40A00F67C6C /* TappingGestureController.swift */,
				918788DF2CADC46000F67C6C /* BasicReferenceController.swift */,
				91E46A2B2CB91FBD00A906FA /* ClothingSegmentationController.swift */,
				911712212CC566B000336A51 /* DynamicReferenceController.swift */,
				9114693B2CD275F30023C212 /* HumanDetectionController.swift */,
			);
			path = ARControllers;
			sourceTree = "<group>";
		};
		91E3FAB82CA6ACC1005AA618 /* MainMenuHelpers */ = {
			isa = PBXGroup;
			children = (
				918788DB2CADAE5400F67C6C /* SheetContentView.swift */,
				918788DD2CADBD1B00F67C6C /* TabBarView.swift */,
				913039092CA635AE00835C35 /* BottomSheetHelper.swift */,
			);
			path = MainMenuHelpers;
			sourceTree = "<group>";
		};
		91EB60402CA61092004D4770 /* MenuScreen */ = {
			isa = PBXGroup;
			children = (
				913039072CA630CA00835C35 /* TabView.swift */,
				91EB60412CA610A9004D4770 /* SettingsView.swift */,
				91EB60442CA610C3004D4770 /* ProfileView.swift */,
				91EB60462CA610D1004D4770 /* DesignsView.swift */,
				91E3FAB12CA6A4C0005AA618 /* MarketPlaceView.swift */,
			);
			path = MenuScreen;
			sourceTree = "<group>";
		};
/* End PBXGroup section */

/* Begin PBXNativeTarget section */
		911EC4292C9606BB009EDF2B /* ARExperiment */ = {
			isa = PBXNativeTarget;
			buildConfigurationList = 911EC44E2C9606BC009EDF2B /* Build configuration list for PBXNativeTarget "ARExperiment" */;
			buildPhases = (
				911EC4262C9606BB009EDF2B /* Sources */,
				911EC4272C9606BB009EDF2B /* Frameworks */,
				911EC4282C9606BB009EDF2B /* Resources */,
			);
			buildRules = (
			);
			dependencies = (
			);
			name = ARExperiment;
			productName = ARExperiment;
			productReference = 911EC42A2C9606BB009EDF2B /* ARExperiment.app */;
			productType = "com.apple.product-type.application";
		};
		911EC4392C9606BC009EDF2B /* ARExperimentTests */ = {
			isa = PBXNativeTarget;
			buildConfigurationList = 911EC4512C9606BC009EDF2B /* Build configuration list for PBXNativeTarget "ARExperimentTests" */;
			buildPhases = (
				911EC4362C9606BC009EDF2B /* Sources */,
				911EC4372C9606BC009EDF2B /* Frameworks */,
				911EC4382C9606BC009EDF2B /* Resources */,
			);
			buildRules = (
			);
			dependencies = (
				911EC43C2C9606BC009EDF2B /* PBXTargetDependency */,
			);
			name = ARExperimentTests;
			productName = ARExperimentTests;
			productReference = 911EC43A2C9606BC009EDF2B /* ARExperimentTests.xctest */;
			productType = "com.apple.product-type.bundle.unit-test";
		};
		911EC4432C9606BC009EDF2B /* ARExperimentUITests */ = {
			isa = PBXNativeTarget;
			buildConfigurationList = 911EC4542C9606BC009EDF2B /* Build configuration list for PBXNativeTarget "ARExperimentUITests" */;
			buildPhases = (
				911EC4402C9606BC009EDF2B /* Sources */,
				911EC4412C9606BC009EDF2B /* Frameworks */,
				911EC4422C9606BC009EDF2B /* Resources */,
			);
			buildRules = (
			);
			dependencies = (
				911EC4462C9606BC009EDF2B /* PBXTargetDependency */,
			);
			name = ARExperimentUITests;
			productName = ARExperimentUITests;
			productReference = 911EC4442C9606BC009EDF2B /* ARExperimentUITests.xctest */;
			productType = "com.apple.product-type.bundle.ui-testing";
		};
/* End PBXNativeTarget section */

/* Begin PBXProject section */
		911EC4222C9606BB009EDF2B /* Project object */ = {
			isa = PBXProject;
			attributes = {
				BuildIndependentTargetsInParallel = 1;
				LastSwiftUpdateCheck = 1540;
				LastUpgradeCheck = 1600;
				TargetAttributes = {
					911EC4292C9606BB009EDF2B = {
						CreatedOnToolsVersion = 15.4;
					};
					911EC4392C9606BC009EDF2B = {
						CreatedOnToolsVersion = 15.4;
						TestTargetID = 911EC4292C9606BB009EDF2B;
					};
					911EC4432C9606BC009EDF2B = {
						CreatedOnToolsVersion = 15.4;
						TestTargetID = 911EC4292C9606BB009EDF2B;
					};
				};
			};
			buildConfigurationList = 911EC4252C9606BB009EDF2B /* Build configuration list for PBXProject "ARExperiment" */;
			compatibilityVersion = "Xcode 14.0";
			developmentRegion = en;
			hasScannedForEncodings = 0;
			knownRegions = (
				en,
				Base,
			);
			mainGroup = 911EC4212C9606BB009EDF2B;
			productRefGroup = 911EC42B2C9606BB009EDF2B /* Products */;
			projectDirPath = "";
			projectRoot = "";
			targets = (
				911EC4292C9606BB009EDF2B /* ARExperiment */,
				911EC4392C9606BC009EDF2B /* ARExperimentTests */,
				911EC4432C9606BC009EDF2B /* ARExperimentUITests */,
			);
		};
/* End PBXProject section */

/* Begin PBXResourcesBuildPhase section */
		911EC4282C9606BB009EDF2B /* Resources */ = {
			isa = PBXResourcesBuildPhase;
			buildActionMask = 2147483647;
			files = (
				911B49692CE0153F00D6CB08 /* loading_circle.mp4 in Resources */,
				91183B872CD933FF0024924E /* AR assets.scnassets in Resources */,
				915EE42F2CAEC7AA0083340D /* Markers.xcassets in Resources */,
				918A52142CAEB9BD008827C7 /* Cosmonaut_Suit.reality in Resources */,
				913355CC2CCB898D00462BAF /* movie.2.mov in Resources */,
				912B2FA02CD00C2A001437F9 /* pinguin.usdz in Resources */,
			);
			runOnlyForDeploymentPostprocessing = 0;
		};
		911EC4382C9606BC009EDF2B /* Resources */ = {
			isa = PBXResourcesBuildPhase;
			buildActionMask = 2147483647;
			files = (
			);
			runOnlyForDeploymentPostprocessing = 0;
		};
		911EC4422C9606BC009EDF2B /* Resources */ = {
			isa = PBXResourcesBuildPhase;
			buildActionMask = 2147483647;
			files = (
			);
			runOnlyForDeploymentPostprocessing = 0;
		};
/* End PBXResourcesBuildPhase section */

/* Begin PBXSourcesBuildPhase section */
		911EC4262C9606BB009EDF2B /* Sources */ = {
			isa = PBXSourcesBuildPhase;
			buildActionMask = 2147483647;
			files = (
				9130390A2CA635AE00835C35 /* BottomSheetHelper.swift in Sources */,
				9114693C2CD275F30023C212 /* HumanDetectionController.swift in Sources */,
				9114693E2CD3BC4B0023C212 /* HumanController.swift in Sources */,
				91EB60422CA610A9004D4770 /* SettingsView.swift in Sources */,
				918788DE2CADBD1B00F67C6C /* TabBarView.swift in Sources */,
				91E46A2C2CB91FBD00A906FA /* ClothingSegmentationController.swift in Sources */,
				918788D82CADA72700F67C6C /* ARViewContainerConverter.swift in Sources */,
				911EC4302C9606BB009EDF2B /* ContentView.swift in Sources */,
				916785A52CE12D1600CA85E3 /* TakingImagesScreen.swift in Sources */,
				916785B22CE23E2C00CA85E3 /* StatusViewController.swift in Sources */,
				911712222CC566B000336A51 /* DynamicReferenceController.swift in Sources */,
				918788D62CADA40A00F67C6C /* TappingGestureController.swift in Sources */,
				911EC42E2C9606BB009EDF2B /* AppDelegate.swift in Sources */,
				91EB60452CA610C3004D4770 /* ProfileView.swift in Sources */,
				91E3FAB22CA6A4C0005AA618 /* MarketPlaceView.swift in Sources */,
				911E6C9E2CCE564900A3ECEA /* PerformantClothingSegmentationController.swift in Sources */,
				916785AD2CE2398700CA85E3 /* GenericControllerConverter.swift in Sources */,
				91A212E72CBF19BA0062119D /* clothSegmentation.mlmodel in Sources */,
				913039082CA630CA00835C35 /* TabView.swift in Sources */,
				918788E02CADC46000F67C6C /* BasicReferenceController.swift in Sources */,
				918788DC2CADAE5400F67C6C /* SheetContentView.swift in Sources */,
				916785B02CE23D5900CA85E3 /* TestingController.swift in Sources */,
				911E6CA12CCEAE4D00A3ECEA /* PasswordDetectionController.swift in Sources */,
				916785A32CE12CCB00CA85E3 /* ImagePicker.swift in Sources */,
				91EB60472CA610D1004D4770 /* DesignsView.swift in Sources */,
			);
			runOnlyForDeploymentPostprocessing = 0;
		};
		911EC4362C9606BC009EDF2B /* Sources */ = {
			isa = PBXSourcesBuildPhase;
			buildActionMask = 2147483647;
			files = (
				911EC43F2C9606BC009EDF2B /* ARExperimentTests.swift in Sources */,
			);
			runOnlyForDeploymentPostprocessing = 0;
		};
		911EC4402C9606BC009EDF2B /* Sources */ = {
			isa = PBXSourcesBuildPhase;
			buildActionMask = 2147483647;
			files = (
				911EC44B2C9606BC009EDF2B /* ARExperimentUITestsLaunchTests.swift in Sources */,
				911EC4492C9606BC009EDF2B /* ARExperimentUITests.swift in Sources */,
			);
			runOnlyForDeploymentPostprocessing = 0;
		};
/* End PBXSourcesBuildPhase section */

/* Begin PBXTargetDependency section */
		911EC43C2C9606BC009EDF2B /* PBXTargetDependency */ = {
			isa = PBXTargetDependency;
			target = 911EC4292C9606BB009EDF2B /* ARExperiment */;
			targetProxy = 911EC43B2C9606BC009EDF2B /* PBXContainerItemProxy */;
		};
		911EC4462C9606BC009EDF2B /* PBXTargetDependency */ = {
			isa = PBXTargetDependency;
			target = 911EC4292C9606BB009EDF2B /* ARExperiment */;
			targetProxy = 911EC4452C9606BC009EDF2B /* PBXContainerItemProxy */;
		};
/* End PBXTargetDependency section */

/* Begin XCBuildConfiguration section */
		911EC44C2C9606BC009EDF2B /* Debug */ = {
			isa = XCBuildConfiguration;
			buildSettings = {
				ALWAYS_SEARCH_USER_PATHS = NO;
				ASSETCATALOG_COMPILER_GENERATE_SWIFT_ASSET_SYMBOL_EXTENSIONS = YES;
				CLANG_ANALYZER_NONNULL = YES;
				CLANG_ANALYZER_NUMBER_OBJECT_CONVERSION = YES_AGGRESSIVE;
				CLANG_CXX_LANGUAGE_STANDARD = "gnu++20";
				CLANG_ENABLE_MODULES = YES;
				CLANG_ENABLE_OBJC_ARC = YES;
				CLANG_ENABLE_OBJC_WEAK = YES;
				CLANG_WARN_BLOCK_CAPTURE_AUTORELEASING = YES;
				CLANG_WARN_BOOL_CONVERSION = YES;
				CLANG_WARN_COMMA = YES;
				CLANG_WARN_CONSTANT_CONVERSION = YES;
				CLANG_WARN_DEPRECATED_OBJC_IMPLEMENTATIONS = YES;
				CLANG_WARN_DIRECT_OBJC_ISA_USAGE = YES_ERROR;
				CLANG_WARN_DOCUMENTATION_COMMENTS = YES;
				CLANG_WARN_EMPTY_BODY = YES;
				CLANG_WARN_ENUM_CONVERSION = YES;
				CLANG_WARN_INFINITE_RECURSION = YES;
				CLANG_WARN_INT_CONVERSION = YES;
				CLANG_WARN_NON_LITERAL_NULL_CONVERSION = YES;
				CLANG_WARN_OBJC_IMPLICIT_RETAIN_SELF = YES;
				CLANG_WARN_OBJC_LITERAL_CONVERSION = YES;
				CLANG_WARN_OBJC_ROOT_CLASS = YES_ERROR;
				CLANG_WARN_QUOTED_INCLUDE_IN_FRAMEWORK_HEADER = YES;
				CLANG_WARN_RANGE_LOOP_ANALYSIS = YES;
				CLANG_WARN_STRICT_PROTOTYPES = YES;
				CLANG_WARN_SUSPICIOUS_MOVE = YES;
				CLANG_WARN_UNGUARDED_AVAILABILITY = YES_AGGRESSIVE;
				CLANG_WARN_UNREACHABLE_CODE = YES;
				CLANG_WARN__DUPLICATE_METHOD_MATCH = YES;
				COPY_PHASE_STRIP = NO;
				DEBUG_INFORMATION_FORMAT = dwarf;
				ENABLE_STRICT_OBJC_MSGSEND = YES;
				ENABLE_TESTABILITY = YES;
				ENABLE_USER_SCRIPT_SANDBOXING = YES;
				GCC_C_LANGUAGE_STANDARD = gnu17;
				GCC_DYNAMIC_NO_PIC = NO;
				GCC_NO_COMMON_BLOCKS = YES;
				GCC_OPTIMIZATION_LEVEL = 0;
				GCC_PREPROCESSOR_DEFINITIONS = (
					"DEBUG=1",
					"$(inherited)",
				);
				GCC_WARN_64_TO_32_BIT_CONVERSION = YES;
				GCC_WARN_ABOUT_RETURN_TYPE = YES_ERROR;
				GCC_WARN_UNDECLARED_SELECTOR = YES;
				GCC_WARN_UNINITIALIZED_AUTOS = YES_AGGRESSIVE;
				GCC_WARN_UNUSED_FUNCTION = YES;
				GCC_WARN_UNUSED_VARIABLE = YES;
				IPHONEOS_DEPLOYMENT_TARGET = 17.5;
				LOCALIZATION_PREFERS_STRING_CATALOGS = YES;
				MTL_ENABLE_DEBUG_INFO = INCLUDE_SOURCE;
				MTL_FAST_MATH = YES;
				ONLY_ACTIVE_ARCH = YES;
				SDKROOT = iphoneos;
				SWIFT_ACTIVE_COMPILATION_CONDITIONS = "DEBUG $(inherited)";
				SWIFT_OPTIMIZATION_LEVEL = "-Onone";
			};
			name = Debug;
		};
		911EC44D2C9606BC009EDF2B /* Release */ = {
			isa = XCBuildConfiguration;
			buildSettings = {
				ALWAYS_SEARCH_USER_PATHS = NO;
				ASSETCATALOG_COMPILER_GENERATE_SWIFT_ASSET_SYMBOL_EXTENSIONS = YES;
				CLANG_ANALYZER_NONNULL = YES;
				CLANG_ANALYZER_NUMBER_OBJECT_CONVERSION = YES_AGGRESSIVE;
				CLANG_CXX_LANGUAGE_STANDARD = "gnu++20";
				CLANG_ENABLE_MODULES = YES;
				CLANG_ENABLE_OBJC_ARC = YES;
				CLANG_ENABLE_OBJC_WEAK = YES;
				CLANG_WARN_BLOCK_CAPTURE_AUTORELEASING = YES;
				CLANG_WARN_BOOL_CONVERSION = YES;
				CLANG_WARN_COMMA = YES;
				CLANG_WARN_CONSTANT_CONVERSION = YES;
				CLANG_WARN_DEPRECATED_OBJC_IMPLEMENTATIONS = YES;
				CLANG_WARN_DIRECT_OBJC_ISA_USAGE = YES_ERROR;
				CLANG_WARN_DOCUMENTATION_COMMENTS = YES;
				CLANG_WARN_EMPTY_BODY = YES;
				CLANG_WARN_ENUM_CONVERSION = YES;
				CLANG_WARN_INFINITE_RECURSION = YES;
				CLANG_WARN_INT_CONVERSION = YES;
				CLANG_WARN_NON_LITERAL_NULL_CONVERSION = YES;
				CLANG_WARN_OBJC_IMPLICIT_RETAIN_SELF = YES;
				CLANG_WARN_OBJC_LITERAL_CONVERSION = YES;
				CLANG_WARN_OBJC_ROOT_CLASS = YES_ERROR;
				CLANG_WARN_QUOTED_INCLUDE_IN_FRAMEWORK_HEADER = YES;
				CLANG_WARN_RANGE_LOOP_ANALYSIS = YES;
				CLANG_WARN_STRICT_PROTOTYPES = YES;
				CLANG_WARN_SUSPICIOUS_MOVE = YES;
				CLANG_WARN_UNGUARDED_AVAILABILITY = YES_AGGRESSIVE;
				CLANG_WARN_UNREACHABLE_CODE = YES;
				CLANG_WARN__DUPLICATE_METHOD_MATCH = YES;
				COPY_PHASE_STRIP = NO;
				DEBUG_INFORMATION_FORMAT = "dwarf-with-dsym";
				ENABLE_NS_ASSERTIONS = NO;
				ENABLE_STRICT_OBJC_MSGSEND = YES;
				ENABLE_USER_SCRIPT_SANDBOXING = YES;
				GCC_C_LANGUAGE_STANDARD = gnu17;
				GCC_NO_COMMON_BLOCKS = YES;
				GCC_WARN_64_TO_32_BIT_CONVERSION = YES;
				GCC_WARN_ABOUT_RETURN_TYPE = YES_ERROR;
				GCC_WARN_UNDECLARED_SELECTOR = YES;
				GCC_WARN_UNINITIALIZED_AUTOS = YES_AGGRESSIVE;
				GCC_WARN_UNUSED_FUNCTION = YES;
				GCC_WARN_UNUSED_VARIABLE = YES;
				IPHONEOS_DEPLOYMENT_TARGET = 17.5;
				LOCALIZATION_PREFERS_STRING_CATALOGS = YES;
				MTL_ENABLE_DEBUG_INFO = NO;
				MTL_FAST_MATH = YES;
				SDKROOT = iphoneos;
				SWIFT_COMPILATION_MODE = wholemodule;
				VALIDATE_PRODUCT = YES;
			};
			name = Release;
		};
		911EC44F2C9606BC009EDF2B /* Debug */ = {
			isa = XCBuildConfiguration;
			buildSettings = {
				ASSETCATALOG_COMPILER_APPICON_NAME = AppIcon;
				ASSETCATALOG_COMPILER_GLOBAL_ACCENT_COLOR_NAME = AccentColor;
				CODE_SIGN_STYLE = Automatic;
				CURRENT_PROJECT_VERSION = 1;
				DEVELOPMENT_ASSET_PATHS = "";
				DEVELOPMENT_TEAM = A68RWCLV6B;
				ENABLE_PREVIEWS = YES;
				GENERATE_INFOPLIST_FILE = YES;
				INFOPLIST_KEY_NSCameraUsageDescription = "";
				INFOPLIST_KEY_UIApplicationSupportsIndirectInputEvents = YES;
				INFOPLIST_KEY_UILaunchScreen_Generation = YES;
				INFOPLIST_KEY_UIRequiredDeviceCapabilities = arkit;
				INFOPLIST_KEY_UIStatusBarHidden = YES;
				INFOPLIST_KEY_UISupportedInterfaceOrientations = UIInterfaceOrientationPortrait;
				LD_RUNPATH_SEARCH_PATHS = (
					"$(inherited)",
					"@executable_path/Frameworks",
				);
				MARKETING_VERSION = 1.0;
				PRODUCT_BUNDLE_IDENTIFIER = com.Testing.AR.ARExperiment;
				PRODUCT_NAME = "$(TARGET_NAME)";
				SWIFT_EMIT_LOC_STRINGS = YES;
				SWIFT_VERSION = 5.0;
				TARGETED_DEVICE_FAMILY = "1,2";
			};
			name = Debug;
		};
		911EC4502C9606BC009EDF2B /* Release */ = {
			isa = XCBuildConfiguration;
			buildSettings = {
				ASSETCATALOG_COMPILER_APPICON_NAME = AppIcon;
				ASSETCATALOG_COMPILER_GLOBAL_ACCENT_COLOR_NAME = AccentColor;
				CODE_SIGN_STYLE = Automatic;
				CURRENT_PROJECT_VERSION = 1;
				DEVELOPMENT_ASSET_PATHS = "";
				DEVELOPMENT_TEAM = A68RWCLV6B;
				ENABLE_PREVIEWS = YES;
				GENERATE_INFOPLIST_FILE = YES;
				INFOPLIST_KEY_NSCameraUsageDescription = "";
				INFOPLIST_KEY_UIApplicationSupportsIndirectInputEvents = YES;
				INFOPLIST_KEY_UILaunchScreen_Generation = YES;
				INFOPLIST_KEY_UIRequiredDeviceCapabilities = arkit;
				INFOPLIST_KEY_UIStatusBarHidden = YES;
				INFOPLIST_KEY_UISupportedInterfaceOrientations = UIInterfaceOrientationPortrait;
				LD_RUNPATH_SEARCH_PATHS = (
					"$(inherited)",
					"@executable_path/Frameworks",
				);
				MARKETING_VERSION = 1.0;
				PRODUCT_BUNDLE_IDENTIFIER = com.Testing.AR.ARExperiment;
				PRODUCT_NAME = "$(TARGET_NAME)";
				SWIFT_EMIT_LOC_STRINGS = YES;
				SWIFT_VERSION = 5.0;
				TARGETED_DEVICE_FAMILY = "1,2";
			};
			name = Release;
		};
		911EC4522C9606BC009EDF2B /* Debug */ = {
			isa = XCBuildConfiguration;
			buildSettings = {
				BUNDLE_LOADER = "$(TEST_HOST)";
				CODE_SIGN_STYLE = Automatic;
				CURRENT_PROJECT_VERSION = 1;
				DEVELOPMENT_TEAM = A68RWCLV6B;
				GENERATE_INFOPLIST_FILE = YES;
				IPHONEOS_DEPLOYMENT_TARGET = 17.5;
				MARKETING_VERSION = 1.0;
				PRODUCT_BUNDLE_IDENTIFIER = com.Testing.AR.ARExperimentTests;
				PRODUCT_NAME = "$(TARGET_NAME)";
				SWIFT_EMIT_LOC_STRINGS = NO;
				SWIFT_VERSION = 5.0;
				TARGETED_DEVICE_FAMILY = "1,2";
				TEST_HOST = "$(BUILT_PRODUCTS_DIR)/ARExperiment.app/$(BUNDLE_EXECUTABLE_FOLDER_PATH)/ARExperiment";
			};
			name = Debug;
		};
		911EC4532C9606BC009EDF2B /* Release */ = {
			isa = XCBuildConfiguration;
			buildSettings = {
				BUNDLE_LOADER = "$(TEST_HOST)";
				CODE_SIGN_STYLE = Automatic;
				CURRENT_PROJECT_VERSION = 1;
				DEVELOPMENT_TEAM = A68RWCLV6B;
				GENERATE_INFOPLIST_FILE = YES;
				IPHONEOS_DEPLOYMENT_TARGET = 17.5;
				MARKETING_VERSION = 1.0;
				PRODUCT_BUNDLE_IDENTIFIER = com.Testing.AR.ARExperimentTests;
				PRODUCT_NAME = "$(TARGET_NAME)";
				SWIFT_EMIT_LOC_STRINGS = NO;
				SWIFT_VERSION = 5.0;
				TARGETED_DEVICE_FAMILY = "1,2";
				TEST_HOST = "$(BUILT_PRODUCTS_DIR)/ARExperiment.app/$(BUNDLE_EXECUTABLE_FOLDER_PATH)/ARExperiment";
			};
			name = Release;
		};
		911EC4552C9606BC009EDF2B /* Debug */ = {
			isa = XCBuildConfiguration;
			buildSettings = {
				CODE_SIGN_STYLE = Automatic;
				CURRENT_PROJECT_VERSION = 1;
				DEVELOPMENT_TEAM = A68RWCLV6B;
				GENERATE_INFOPLIST_FILE = YES;
				MARKETING_VERSION = 1.0;
				PRODUCT_BUNDLE_IDENTIFIER = com.Testing.AR.ARExperimentUITests;
				PRODUCT_NAME = "$(TARGET_NAME)";
				SWIFT_EMIT_LOC_STRINGS = NO;
				SWIFT_VERSION = 5.0;
				TARGETED_DEVICE_FAMILY = "1,2";
				TEST_TARGET_NAME = ARExperiment;
			};
			name = Debug;
		};
		911EC4562C9606BC009EDF2B /* Release */ = {
			isa = XCBuildConfiguration;
			buildSettings = {
				CODE_SIGN_STYLE = Automatic;
				CURRENT_PROJECT_VERSION = 1;
				DEVELOPMENT_TEAM = A68RWCLV6B;
				GENERATE_INFOPLIST_FILE = YES;
				MARKETING_VERSION = 1.0;
				PRODUCT_BUNDLE_IDENTIFIER = com.Testing.AR.ARExperimentUITests;
				PRODUCT_NAME = "$(TARGET_NAME)";
				SWIFT_EMIT_LOC_STRINGS = NO;
				SWIFT_VERSION = 5.0;
				TARGETED_DEVICE_FAMILY = "1,2";
				TEST_TARGET_NAME = ARExperiment;
			};
			name = Release;
		};
/* End XCBuildConfiguration section */

/* Begin XCConfigurationList section */
		911EC4252C9606BB009EDF2B /* Build configuration list for PBXProject "ARExperiment" */ = {
			isa = XCConfigurationList;
			buildConfigurations = (
				911EC44C2C9606BC009EDF2B /* Debug */,
				911EC44D2C9606BC009EDF2B /* Release */,
			);
			defaultConfigurationIsVisible = 0;
			defaultConfigurationName = Release;
		};
		911EC44E2C9606BC009EDF2B /* Build configuration list for PBXNativeTarget "ARExperiment" */ = {
			isa = XCConfigurationList;
			buildConfigurations = (
				911EC44F2C9606BC009EDF2B /* Debug */,
				911EC4502C9606BC009EDF2B /* Release */,
			);
			defaultConfigurationIsVisible = 0;
			defaultConfigurationName = Release;
		};
		911EC4512C9606BC009EDF2B /* Build configuration list for PBXNativeTarget "ARExperimentTests" */ = {
			isa = XCConfigurationList;
			buildConfigurations = (
				911EC4522C9606BC009EDF2B /* Debug */,
				911EC4532C9606BC009EDF2B /* Release */,
			);
			defaultConfigurationIsVisible = 0;
			defaultConfigurationName = Release;
		};
		911EC4542C9606BC009EDF2B /* Build configuration list for PBXNativeTarget "ARExperimentUITests" */ = {
			isa = XCConfigurationList;
			buildConfigurations = (
				911EC4552C9606BC009EDF2B /* Debug */,
				911EC4562C9606BC009EDF2B /* Release */,
			);
			defaultConfigurationIsVisible = 0;
			defaultConfigurationName = Release;
		};
/* End XCConfigurationList section */
	};
	rootObject = 911EC4222C9606BB009EDF2B /* Project object */;
}
